
Microsoft Visual Studio Solution File, Format Version 12.00
# Visual Studio Version 17
VisualStudioVersion = 17.6.33723.286
MinimumVisualStudioVersion = 10.0.40219.1
Project("{FAE04EC0-301F-11D3-BF4B-00C04F79EFBC}") = "CapaPresentacion", "CapaPresentacion\CapaPresentacion.csproj", "{FB3CBC9B-FE18-46C4-B619-651BB9C4B4F3}"
EndProject
Project("{FAE04EC0-301F-11D3-BF4B-00C04F79EFBC}") = "CapaNegocio", "CapaNegocio\CapaNegocio.csproj", "{61549F3D-7235-4274-A488-C8704749A4B8}"
EndProject
Project("{FAE04EC0-301F-11D3-BF4B-00C04F79EFBC}") = "CapaEntidad", "CapaEntidad\CapaEntidad.csproj", "{3EAF5F8A-3EE1-421F-9138-74A7A1BDD24C}"
EndProject
Project("{FAE04EC0-301F-11D3-BF4B-00C04F79EFBC}") = "CapaDatos", "CapaDatos\CapaDatos.csproj", "{64FC2979-EBF1-4720-AECF-D16AD32F5373}"
EndProject
Global
	GlobalSection(SolutionConfigurationPlatforms) = preSolution
		Debug|Any CPU = Debug|Any CPU
		Release|Any CPU = Release|Any CPU
	EndGlobalSection
	GlobalSection(ProjectConfigurationPlatforms) = postSolution
		{FB3CBC9B-FE18-46C4-B619-651BB9C4B4F3}.Debug|Any CPU.ActiveCfg = Debug|Any CPU
		{FB3CBC9B-FE18-46C4-B619-651BB9C4B4F3}.Debug|Any CPU.Build.0 = Debug|Any CPU
		{FB3CBC9B-FE18-46C4-B619-651BB9C4B4F3}.Release|Any CPU.ActiveCfg = Release|Any CPU
		{FB3CBC9B-FE18-46C4-B619-651BB9C4B4F3}.Release|Any CPU.Build.0 = Release|Any CPU
		{61549F3D-7235-4274-A488-C8704749A4B8}.Debug|Any CPU.ActiveCfg = Debug|Any CPU
		{61549F3D-7235-4274-A488-C8704749A4B8}.Debug|Any CPU.Build.0 = Debug|Any CPU
		{61549F3D-7235-4274-A488-C8704749A4B8}.Release|Any CPU.ActiveCfg = Release|Any CPU
		{61549F3D-7235-4274-A488-C8704749A4B8}.Release|Any CPU.Build.0 = Release|Any CPU
		{3EAF5F8A-3EE1-421F-9138-74A7A1BDD24C}.Debug|Any CPU.ActiveCfg = Debug|Any CPU
		{3EAF5F8A-3EE1-421F-9138-74A7A1BDD24C}.Debug|Any CPU.Build.0 = Debug|Any CPU
		{3EAF5F8A-3EE1-421F-9138-74A7A1BDD24C}.Release|Any CPU.ActiveCfg = Release|Any CPU
		{3EAF5F8A-3EE1-421F-9138-74A7A1BDD24C}.Release|Any CPU.Build.0 = Release|Any CPU
		{64FC2979-EBF1-4720-AECF-D16AD32F5373}.Debug|Any CPU.ActiveCfg = Debug|Any CPU
		{64FC2979-EBF1-4720-AECF-D16AD32F5373}.Debug|Any CPU.Build.0 = Debug|Any CPU
		{64FC2979-EBF1-4720-AECF-D16AD32F5373}.Release|Any CPU.ActiveCfg = Release|Any CPU
		{64FC2979-EBF1-4720-AECF-D16AD32F5373}.Release|Any CPU.Build.0 = Release|Any CPU
	EndGlobalSection
	GlobalSection(SolutionProperties) = preSolution
		HideSolutionNode = FALSE
	EndGlobalSection
	GlobalSection(ExtensibilityGlobals) = postSolution
		SolutionGuid = {BD7F5DF9-8399-4228-B2FE-502B66D26F5A}
	EndGlobalSection
EndGlobal
